// !$*UTF8*$!
{
	archiveVersion = 1;
	classes = {
	};
	objectVersion = 56;
	objects = {

/* Begin PBXBuildFile section */
		EB162D212CA1AB3800106A2E /* BasicsApp.swift in Sources */ = {isa = PBXBuildFile; fileRef = EB162D202CA1AB3800106A2E /* BasicsApp.swift */; };
		EB162D232CA1AB3800106A2E /* ContentView.swift in Sources */ = {isa = PBXBuildFile; fileRef = EB162D222CA1AB3800106A2E /* ContentView.swift */; };
		EB162D252CA1AB3A00106A2E /* Assets.xcassets in Resources */ = {isa = PBXBuildFile; fileRef = EB162D242CA1AB3A00106A2E /* Assets.xcassets */; };
		EB162D282CA1AB3A00106A2E /* Preview Assets.xcassets in Resources */ = {isa = PBXBuildFile; fileRef = EB162D272CA1AB3A00106A2E /* Preview Assets.xcassets */; };
		EB80059E2CB8653C0026E015 /* DropDownList.swift in Sources */ = {isa = PBXBuildFile; fileRef = EB80059D2CB8653C0026E015 /* DropDownList.swift */; };
		EB9BFB862CBC29E40015CF57 /* ParallaxEffect.swift in Sources */ = {isa = PBXBuildFile; fileRef = EB9BFB852CBC29E40015CF57 /* ParallaxEffect.swift */; };
		EB9BFB8B2CBC2BA40015CF57 /* CameraView in Frameworks */ = {isa = PBXBuildFile; productRef = EB9BFB8A2CBC2BA40015CF57 /* CameraView */; };
		EB9BFB8E2CBC2CC50015CF57 /* Card.swift in Sources */ = {isa = PBXBuildFile; fileRef = EB9BFB8D2CBC2CC50015CF57 /* Card.swift */; };
		EB9BFB902CBC2CF10015CF57 /* BoomerangView.swift in Sources */ = {isa = PBXBuildFile; fileRef = EB9BFB8F2CBC2CF10015CF57 /* BoomerangView.swift */; };
		EB9BFB952CBC2DEE0015CF57 /* 3DFidgetCard.swift in Sources */ = {isa = PBXBuildFile; fileRef = EB9BFB942CBC2DEE0015CF57 /* 3DFidgetCard.swift */; };
		EB9BFB972CBC31400015CF57 /* GithubKeys.swift in Sources */ = {isa = PBXBuildFile; fileRef = EB9BFB962CBC31400015CF57 /* GithubKeys.swift */; };
		EB9BFB9A2CBC31610015CF57 /* Snippets.swift in Sources */ = {isa = PBXBuildFile; fileRef = EB9BFB992CBC31610015CF57 /* Snippets.swift */; };
/* End PBXBuildFile section */

/* Begin PBXFileReference section */
		EB162D1D2CA1AB3800106A2E /* Basics.app */ = {isa = PBXFileReference; explicitFileType = wrapper.application; includeInIndex = 0; path = Basics.app; sourceTree = BUILT_PRODUCTS_DIR; };
		EB162D202CA1AB3800106A2E /* BasicsApp.swift */ = {isa = PBXFileReference; lastKnownFileType = sourcecode.swift; path = BasicsApp.swift; sourceTree = "<group>"; };
		EB162D222CA1AB3800106A2E /* ContentView.swift */ = {isa = PBXFileReference; lastKnownFileType = sourcecode.swift; path = ContentView.swift; sourceTree = "<group>"; };
		EB162D242CA1AB3A00106A2E /* Assets.xcassets */ = {isa = PBXFileReference; lastKnownFileType = folder.assetcatalog; path = Assets.xcassets; sourceTree = "<group>"; };
		EB162D272CA1AB3A00106A2E /* Preview Assets.xcassets */ = {isa = PBXFileReference; lastKnownFileType = folder.assetcatalog; path = "Preview Assets.xcassets"; sourceTree = "<group>"; };
		EB80059D2CB8653C0026E015 /* DropDownList.swift */ = {isa = PBXFileReference; lastKnownFileType = sourcecode.swift; path = DropDownList.swift; sourceTree = "<group>"; };
		EB9BFB852CBC29E40015CF57 /* ParallaxEffect.swift */ = {isa = PBXFileReference; lastKnownFileType = sourcecode.swift; path = ParallaxEffect.swift; sourceTree = "<group>"; };
		EB9BFB8D2CBC2CC50015CF57 /* Card.swift */ = {isa = PBXFileReference; lastKnownFileType = sourcecode.swift; path = Card.swift; sourceTree = "<group>"; };
		EB9BFB8F2CBC2CF10015CF57 /* BoomerangView.swift */ = {isa = PBXFileReference; lastKnownFileType = sourcecode.swift; path = BoomerangView.swift; sourceTree = "<group>"; };
		EB9BFB942CBC2DEE0015CF57 /* 3DFidgetCard.swift */ = {isa = PBXFileReference; lastKnownFileType = sourcecode.swift; path = 3DFidgetCard.swift; sourceTree = "<group>"; };
		EB9BFB962CBC31400015CF57 /* GithubKeys.swift */ = {isa = PBXFileReference; lastKnownFileType = sourcecode.swift; path = GithubKeys.swift; sourceTree = "<group>"; };
		EB9BFB992CBC31610015CF57 /* Snippets.swift */ = {isa = PBXFileReference; lastKnownFileType = sourcecode.swift; path = Snippets.swift; sourceTree = "<group>"; };
/* End PBXFileReference section */

/* Begin PBXFrameworksBuildPhase section */
		EB162D1A2CA1AB3800106A2E /* Frameworks */ = {
			isa = PBXFrameworksBuildPhase;
			buildActionMask = 2147483647;
			files = (
				EB9BFB8B2CBC2BA40015CF57 /* CameraView in Frameworks */,
			);
			runOnlyForDeploymentPostprocessing = 0;
		};
/* End PBXFrameworksBuildPhase section */

/* Begin PBXGroup section */
		EB162D142CA1AB3800106A2E = {
			isa = PBXGroup;
			children = (
				EB162D1F2CA1AB3800106A2E /* Basics */,
				EB162D1E2CA1AB3800106A2E /* Products */,
			);
			sourceTree = "<group>";
		};
		EB162D1E2CA1AB3800106A2E /* Products */ = {
			isa = PBXGroup;
			children = (
				EB162D1D2CA1AB3800106A2E /* Basics.app */,
			);
			name = Products;
			sourceTree = "<group>";
		};
		EB162D1F2CA1AB3800106A2E /* Basics */ = {
			isa = PBXGroup;
			children = (
				EB162D202CA1AB3800106A2E /* BasicsApp.swift */,
				EB162D222CA1AB3800106A2E /* ContentView.swift */,
				EB9BFB982CBC31440015CF57 /* Github */,
				EB80059C2CB8650A0026E015 /* Custom elements */,
				EB162D242CA1AB3A00106A2E /* Assets.xcassets */,
				EB162D262CA1AB3A00106A2E /* Preview Content */,
			);
			path = Basics;
			sourceTree = "<group>";
		};
		EB162D262CA1AB3A00106A2E /* Preview Content */ = {
			isa = PBXGroup;
			children = (
				EB162D272CA1AB3A00106A2E /* Preview Assets.xcassets */,
			);
			path = "Preview Content";
			sourceTree = "<group>";
		};
		EB80059C2CB8650A0026E015 /* Custom elements */ = {
			isa = PBXGroup;
			children = (
				EB9BFB922CBC2D750015CF57 /* DropDownList */,
				EB9BFB912CBC2D660015CF57 /* ParallaxEffect */,
				EB9BFB8C2CBC2CB50015CF57 /* BoomerangCard */,
				EB9BFB932CBC2DB10015CF57 /* 3D Effect FidgetCard */,
			);
			path = "Custom elements";
			sourceTree = "<group>";
		};
		EB9BFB8C2CBC2CB50015CF57 /* BoomerangCard */ = {
			isa = PBXGroup;
			children = (
				EB9BFB8D2CBC2CC50015CF57 /* Card.swift */,
				EB9BFB8F2CBC2CF10015CF57 /* BoomerangView.swift */,
			);
			path = BoomerangCard;
			sourceTree = "<group>";
		};
		EB9BFB912CBC2D660015CF57 /* ParallaxEffect */ = {
			isa = PBXGroup;
			children = (
				EB9BFB852CBC29E40015CF57 /* ParallaxEffect.swift */,
			);
			path = ParallaxEffect;
			sourceTree = "<group>";
		};
		EB9BFB922CBC2D750015CF57 /* DropDownList */ = {
			isa = PBXGroup;
			children = (
				EB80059D2CB8653C0026E015 /* DropDownList.swift */,
			);
			path = DropDownList;
			sourceTree = "<group>";
		};
		EB9BFB932CBC2DB10015CF57 /* 3D Effect FidgetCard */ = {
			isa = PBXGroup;
			children = (
				EB9BFB942CBC2DEE0015CF57 /* 3DFidgetCard.swift */,
			);
			path = "3D Effect FidgetCard";
			sourceTree = "<group>";
		};
		EB9BFB982CBC31440015CF57 /* Github */ = {
			isa = PBXGroup;
			children = (
				EB9BFB962CBC31400015CF57 /* GithubKeys.swift */,
				EB9BFB992CBC31610015CF57 /* Snippets.swift */,
			);
			path = Github;
			sourceTree = "<group>";
		};
/* End PBXGroup section */

/* Begin PBXNativeTarget section */
		EB162D1C2CA1AB3800106A2E /* Basics */ = {
			isa = PBXNativeTarget;
			buildConfigurationList = EB162D2B2CA1AB3A00106A2E /* Build configuration list for PBXNativeTarget "Basics" */;
			buildPhases = (
				EB162D192CA1AB3800106A2E /* Sources */,
				EB162D1A2CA1AB3800106A2E /* Frameworks */,
				EB162D1B2CA1AB3800106A2E /* Resources */,
			);
			buildRules = (
			);
			dependencies = (
			);
			name = Basics;
			packageProductDependencies = (
				EB9BFB8A2CBC2BA40015CF57 /* CameraView */,
			);
			productName = Basics;
			productReference = EB162D1D2CA1AB3800106A2E /* Basics.app */;
			productType = "com.apple.product-type.application";
		};
/* End PBXNativeTarget section */

/* Begin PBXProject section */
		EB162D152CA1AB3800106A2E /* Project object */ = {
			isa = PBXProject;
			attributes = {
				BuildIndependentTargetsInParallel = 1;
				LastSwiftUpdateCheck = 1500;
				LastUpgradeCheck = 1500;
				TargetAttributes = {
					EB162D1C2CA1AB3800106A2E = {
						CreatedOnToolsVersion = 15.0.1;
					};
				};
			};
			buildConfigurationList = EB162D182CA1AB3800106A2E /* Build configuration list for PBXProject "Basics" */;
			compatibilityVersion = "Xcode 14.0";
			developmentRegion = en;
			hasScannedForEncodings = 0;
			knownRegions = (
				en,
				Base,
			);
			mainGroup = EB162D142CA1AB3800106A2E;
			packageReferences = (
				EB9BFB892CBC2BA40015CF57 /* XCRemoteSwiftPackageReference "CameraView" */,
			);
			productRefGroup = EB162D1E2CA1AB3800106A2E /* Products */;
			projectDirPath = "";
			projectRoot = "";
			targets = (
				EB162D1C2CA1AB3800106A2E /* Basics */,
			);
		};
/* End PBXProject section */

/* Begin PBXResourcesBuildPhase section */
		EB162D1B2CA1AB3800106A2E /* Resources */ = {
			isa = PBXResourcesBuildPhase;
			buildActionMask = 2147483647;
			files = (
				EB162D282CA1AB3A00106A2E /* Preview Assets.xcassets in Resources */,
				EB162D252CA1AB3A00106A2E /* Assets.xcassets in Resources */,
			);
			runOnlyForDeploymentPostprocessing = 0;
		};
/* End PBXResourcesBuildPhase section */

/* Begin PBXSourcesBuildPhase section */
		EB162D192CA1AB3800106A2E /* Sources */ = {
			isa = PBXSourcesBuildPhase;
			buildActionMask = 2147483647;
			files = (
				EB9BFB9A2CBC31610015CF57 /* Snippets.swift in Sources */,
				EB162D232CA1AB3800106A2E /* ContentView.swift in Sources */,
				EB9BFB952CBC2DEE0015CF57 /* 3DFidgetCard.swift in Sources */,
				EB9BFB972CBC31400015CF57 /* GithubKeys.swift in Sources */,
				EB9BFB862CBC29E40015CF57 /* ParallaxEffect.swift in Sources */,
				EB9BFB8E2CBC2CC50015CF57 /* Card.swift in Sources */,
				EB9BFB902CBC2CF10015CF57 /* BoomerangView.swift in Sources */,
				EB162D212CA1AB3800106A2E /* BasicsApp.swift in Sources */,
				EB80059E2CB8653C0026E015 /* DropDownList.swift in Sources */,
			);
			runOnlyForDeploymentPostprocessing = 0;
		};
/* End PBXSourcesBuildPhase section */

/* Begin XCBuildConfiguration section */
		EB162D292CA1AB3A00106A2E /* Debug */ = {
			isa = XCBuildConfiguration;
			buildSettings = {
				ALWAYS_SEARCH_USER_PATHS = NO;
				ASSETCATALOG_COMPILER_GENERATE_SWIFT_ASSET_SYMBOL_EXTENSIONS = YES;
				CLANG_ANALYZER_NONNULL = YES;
				CLANG_ANALYZER_NUMBER_OBJECT_CONVERSION = YES_AGGRESSIVE;
				CLANG_CXX_LANGUAGE_STANDARD = "gnu++20";
				CLANG_ENABLE_MODULES = YES;
				CLANG_ENABLE_OBJC_ARC = YES;
				CLANG_ENABLE_OBJC_WEAK = YES;
				CLANG_WARN_BLOCK_CAPTURE_AUTORELEASING = YES;
				CLANG_WARN_BOOL_CONVERSION = YES;
				CLANG_WARN_COMMA = YES;
				CLANG_WARN_CONSTANT_CONVERSION = YES;
				CLANG_WARN_DEPRECATED_OBJC_IMPLEMENTATIONS = YES;
				CLANG_WARN_DIRECT_OBJC_ISA_USAGE = YES_ERROR;
				CLANG_WARN_DOCUMENTATION_COMMENTS = YES;
				CLANG_WARN_EMPTY_BODY = YES;
				CLANG_WARN_ENUM_CONVERSION = YES;
				CLANG_WARN_INFINITE_RECURSION = YES;
				CLANG_WARN_INT_CONVERSION = YES;
				CLANG_WARN_NON_LITERAL_NULL_CONVERSION = YES;
				CLANG_WARN_OBJC_IMPLICIT_RETAIN_SELF = YES;
				CLANG_WARN_OBJC_LITERAL_CONVERSION = YES;
				CLANG_WARN_OBJC_ROOT_CLASS = YES_ERROR;
				CLANG_WARN_QUOTED_INCLUDE_IN_FRAMEWORK_HEADER = YES;
				CLANG_WARN_RANGE_LOOP_ANALYSIS = YES;
				CLANG_WARN_STRICT_PROTOTYPES = YES;
				CLANG_WARN_SUSPICIOUS_MOVE = YES;
				CLANG_WARN_UNGUARDED_AVAILABILITY = YES_AGGRESSIVE;
				CLANG_WARN_UNREACHABLE_CODE = YES;
				CLANG_WARN__DUPLICATE_METHOD_MATCH = YES;
				COPY_PHASE_STRIP = NO;
				DEBUG_INFORMATION_FORMAT = dwarf;
				ENABLE_STRICT_OBJC_MSGSEND = YES;
				ENABLE_TESTABILITY = YES;
				ENABLE_USER_SCRIPT_SANDBOXING = YES;
				GCC_C_LANGUAGE_STANDARD = gnu17;
				GCC_DYNAMIC_NO_PIC = NO;
				GCC_NO_COMMON_BLOCKS = YES;
				GCC_OPTIMIZATION_LEVEL = 0;
				GCC_PREPROCESSOR_DEFINITIONS = (
					"DEBUG=1",
					"$(inherited)",
				);
				GCC_WARN_64_TO_32_BIT_CONVERSION = YES;
				GCC_WARN_ABOUT_RETURN_TYPE = YES_ERROR;
				GCC_WARN_UNDECLARED_SELECTOR = YES;
				GCC_WARN_UNINITIALIZED_AUTOS = YES_AGGRESSIVE;
				GCC_WARN_UNUSED_FUNCTION = YES;
				GCC_WARN_UNUSED_VARIABLE = YES;
				IPHONEOS_DEPLOYMENT_TARGET = 15.0;
				LOCALIZATION_PREFERS_STRING_CATALOGS = YES;
				MTL_ENABLE_DEBUG_INFO = INCLUDE_SOURCE;
				MTL_FAST_MATH = YES;
				ONLY_ACTIVE_ARCH = YES;
				SDKROOT = iphoneos;
				SWIFT_ACTIVE_COMPILATION_CONDITIONS = "DEBUG $(inherited)";
				SWIFT_OPTIMIZATION_LEVEL = "-Onone";
			};
			name = Debug;
		};
		EB162D2A2CA1AB3A00106A2E /* Release */ = {
			isa = XCBuildConfiguration;
			buildSettings = {
				ALWAYS_SEARCH_USER_PATHS = NO;
				ASSETCATALOG_COMPILER_GENERATE_SWIFT_ASSET_SYMBOL_EXTENSIONS = YES;
				CLANG_ANALYZER_NONNULL = YES;
				CLANG_ANALYZER_NUMBER_OBJECT_CONVERSION = YES_AGGRESSIVE;
				CLANG_CXX_LANGUAGE_STANDARD = "gnu++20";
				CLANG_ENABLE_MODULES = YES;
				CLANG_ENABLE_OBJC_ARC = YES;
				CLANG_ENABLE_OBJC_WEAK = YES;
				CLANG_WARN_BLOCK_CAPTURE_AUTORELEASING = YES;
				CLANG_WARN_BOOL_CONVERSION = YES;
				CLANG_WARN_COMMA = YES;
				CLANG_WARN_CONSTANT_CONVERSION = YES;
				CLANG_WARN_DEPRECATED_OBJC_IMPLEMENTATIONS = YES;
				CLANG_WARN_DIRECT_OBJC_ISA_USAGE = YES_ERROR;
				CLANG_WARN_DOCUMENTATION_COMMENTS = YES;
				CLANG_WARN_EMPTY_BODY = YES;
				CLANG_WARN_ENUM_CONVERSION = YES;
				CLANG_WARN_INFINITE_RECURSION = YES;
				CLANG_WARN_INT_CONVERSION = YES;
				CLANG_WARN_NON_LITERAL_NULL_CONVERSION = YES;
				CLANG_WARN_OBJC_IMPLICIT_RETAIN_SELF = YES;
				CLANG_WARN_OBJC_LITERAL_CONVERSION = YES;
				CLANG_WARN_OBJC_ROOT_CLASS = YES_ERROR;
				CLANG_WARN_QUOTED_INCLUDE_IN_FRAMEWORK_HEADER = YES;
				CLANG_WARN_RANGE_LOOP_ANALYSIS = YES;
				CLANG_WARN_STRICT_PROTOTYPES = YES;
				CLANG_WARN_SUSPICIOUS_MOVE = YES;
				CLANG_WARN_UNGUARDED_AVAILABILITY = YES_AGGRESSIVE;
				CLANG_WARN_UNREACHABLE_CODE = YES;
				CLANG_WARN__DUPLICATE_METHOD_MATCH = YES;
				COPY_PHASE_STRIP = NO;
				DEBUG_INFORMATION_FORMAT = "dwarf-with-dsym";
				ENABLE_NS_ASSERTIONS = NO;
				ENABLE_STRICT_OBJC_MSGSEND = YES;
				ENABLE_USER_SCRIPT_SANDBOXING = YES;
				GCC_C_LANGUAGE_STANDARD = gnu17;
				GCC_NO_COMMON_BLOCKS = YES;
				GCC_WARN_64_TO_32_BIT_CONVERSION = YES;
				GCC_WARN_ABOUT_RETURN_TYPE = YES_ERROR;
				GCC_WARN_UNDECLARED_SELECTOR = YES;
				GCC_WARN_UNINITIALIZED_AUTOS = YES_AGGRESSIVE;
				GCC_WARN_UNUSED_FUNCTION = YES;
				GCC_WARN_UNUSED_VARIABLE = YES;
				IPHONEOS_DEPLOYMENT_TARGET = 15.0;
				LOCALIZATION_PREFERS_STRING_CATALOGS = YES;
				MTL_ENABLE_DEBUG_INFO = NO;
				MTL_FAST_MATH = YES;
				SDKROOT = iphoneos;
				SWIFT_COMPILATION_MODE = wholemodule;
				VALIDATE_PRODUCT = YES;
			};
			name = Release;
		};
		EB162D2C2CA1AB3A00106A2E /* Debug */ = {
			isa = XCBuildConfiguration;
			buildSettings = {
				ASSETCATALOG_COMPILER_APPICON_NAME = AppIcon;
				ASSETCATALOG_COMPILER_GLOBAL_ACCENT_COLOR_NAME = AccentColor;
				CODE_SIGN_STYLE = Automatic;
				CURRENT_PROJECT_VERSION = 1;
				DEVELOPMENT_ASSET_PATHS = "\"Basics/Preview Content\"";
				DEVELOPMENT_TEAM = 3XK355J24V;
				ENABLE_PREVIEWS = YES;
				GENERATE_INFOPLIST_FILE = YES;
				INFOPLIST_KEY_NSCameraUsageDescription = "Show Camera";
				INFOPLIST_KEY_NSMotionUsageDescription = "Air motion Data Requires Authorization";
				INFOPLIST_KEY_UIApplicationSceneManifest_Generation = YES;
				INFOPLIST_KEY_UIApplicationSupportsIndirectInputEvents = YES;
				INFOPLIST_KEY_UILaunchScreen_Generation = YES;
				INFOPLIST_KEY_UISupportedInterfaceOrientations_iPad = "UIInterfaceOrientationPortrait UIInterfaceOrientationPortraitUpsideDown UIInterfaceOrientationLandscapeLeft UIInterfaceOrientationLandscapeRight";
				INFOPLIST_KEY_UISupportedInterfaceOrientations_iPhone = "UIInterfaceOrientationPortrait UIInterfaceOrientationLandscapeLeft UIInterfaceOrientationLandscapeRight";
				LD_RUNPATH_SEARCH_PATHS = (
					"$(inherited)",
					"@executable_path/Frameworks",
				);
				MARKETING_VERSION = 1.0;
				PRODUCT_BUNDLE_IDENTIFIER = gR.Basics;
				PRODUCT_NAME = "$(TARGET_NAME)";
				SWIFT_EMIT_LOC_STRINGS = YES;
				SWIFT_VERSION = 5.0;
				TARGETED_DEVICE_FAMILY = "1,2";
			};
			name = Debug;
		};
		EB162D2D2CA1AB3A00106A2E /* Release */ = {
			isa = XCBuildConfiguration;
			buildSettings = {
				ASSETCATALOG_COMPILER_APPICON_NAME = AppIcon;
				ASSETCATALOG_COMPILER_GLOBAL_ACCENT_COLOR_NAME = AccentColor;
				CODE_SIGN_STYLE = Automatic;
				CURRENT_PROJECT_VERSION = 1;
				DEVELOPMENT_ASSET_PATHS = "\"Basics/Preview Content\"";
				DEVELOPMENT_TEAM = 3XK355J24V;
				ENABLE_PREVIEWS = YES;
				GENERATE_INFOPLIST_FILE = YES;
				INFOPLIST_KEY_NSCameraUsageDescription = "Show Camera";
				INFOPLIST_KEY_NSMotionUsageDescription = "Air motion Data Requires Authorization";
				INFOPLIST_KEY_UIApplicationSceneManifest_Generation = YES;
				INFOPLIST_KEY_UIApplicationSupportsIndirectInputEvents = YES;
				INFOPLIST_KEY_UILaunchScreen_Generation = YES;
				INFOPLIST_KEY_UISupportedInterfaceOrientations_iPad = "UIInterfaceOrientationPortrait UIInterfaceOrientationPortraitUpsideDown UIInterfaceOrientationLandscapeLeft UIInterfaceOrientationLandscapeRight";
				INFOPLIST_KEY_UISupportedInterfaceOrientations_iPhone = "UIInterfaceOrientationPortrait UIInterfaceOrientationLandscapeLeft UIInterfaceOrientationLandscapeRight";
				LD_RUNPATH_SEARCH_PATHS = (
					"$(inherited)",
					"@executable_path/Frameworks",
				);
				MARKETING_VERSION = 1.0;
				PRODUCT_BUNDLE_IDENTIFIER = gR.Basics;
				PRODUCT_NAME = "$(TARGET_NAME)";
				SWIFT_EMIT_LOC_STRINGS = YES;
				SWIFT_VERSION = 5.0;
				TARGETED_DEVICE_FAMILY = "1,2";
			};
			name = Release;
		};
/* End XCBuildConfiguration section */

/* Begin XCConfigurationList section */
		EB162D182CA1AB3800106A2E /* Build configuration list for PBXProject "Basics" */ = {
			isa = XCConfigurationList;
			buildConfigurations = (
				EB162D292CA1AB3A00106A2E /* Debug */,
				EB162D2A2CA1AB3A00106A2E /* Release */,
			);
			defaultConfigurationIsVisible = 0;
			defaultConfigurationName = Release;
		};
		EB162D2B2CA1AB3A00106A2E /* Build configuration list for PBXNativeTarget "Basics" */ = {
			isa = XCConfigurationList;
			buildConfigurations = (
				EB162D2C2CA1AB3A00106A2E /* Debug */,
				EB162D2D2CA1AB3A00106A2E /* Release */,
			);
			defaultConfigurationIsVisible = 0;
			defaultConfigurationName = Release;
		};
/* End XCConfigurationList section */

/* Begin XCRemoteSwiftPackageReference section */
		EB9BFB892CBC2BA40015CF57 /* XCRemoteSwiftPackageReference "CameraView" */ = {
			isa = XCRemoteSwiftPackageReference;
			repositoryURL = "https://github.com/brettfazio/CameraView";
			requirement = {
				kind = upToNextMajorVersion;
				minimumVersion = 0.0.1;
			};
		};
/* End XCRemoteSwiftPackageReference section */

/* Begin XCSwiftPackageProductDependency section */
		EB9BFB8A2CBC2BA40015CF57 /* CameraView */ = {
			isa = XCSwiftPackageProductDependency;
			package = EB9BFB892CBC2BA40015CF57 /* XCRemoteSwiftPackageReference "CameraView" */;
			productName = CameraView;
		};
/* End XCSwiftPackageProductDependency section */
	};
	rootObject = EB162D152CA1AB3800106A2E /* Project object */;
}
